
Microsoft Visual Studio Solution File, Format Version 12.00
# Visual Studio Version 17
VisualStudioVersion = 17.8.34330.188
MinimumVisualStudioVersion = 10.0.40219.1
Project("{FAE04EC0-301F-11D3-BF4B-00C04F79EFBC}") = "bike-api", "bike-api\bike-api.csproj", "{0ECED416-5F47-4082-99CB-D3D77F4603F2}"
EndProject
Project("{FAE04EC0-301F-11D3-BF4B-00C04F79EFBC}") = "EFCore", "EFCore\EFCore.csproj", "{5128B2AD-E780-4B3A-B3AA-9BD89CA25E87}"
EndProject
Project("{FAE04EC0-301F-11D3-BF4B-00C04F79EFBC}") = "Domain", "Domain\Domain.csproj", "{7ABF8D40-BDA8-4D69-8123-2C22874A57B6}"
EndProject
Global
	GlobalSection(SolutionConfigurationPlatforms) = preSolution
		Debug|Any CPU = Debug|Any CPU
		Release|Any CPU = Release|Any CPU
	EndGlobalSection
	GlobalSection(ProjectConfigurationPlatforms) = postSolution
		{0ECED416-5F47-4082-99CB-D3D77F4603F2}.Debug|Any CPU.ActiveCfg = Debug|Any CPU
		{0ECED416-5F47-4082-99CB-D3D77F4603F2}.Debug|Any CPU.Build.0 = Debug|Any CPU
		{0ECED416-5F47-4082-99CB-D3D77F4603F2}.Release|Any CPU.ActiveCfg = Release|Any CPU
		{0ECED416-5F47-4082-99CB-D3D77F4603F2}.Release|Any CPU.Build.0 = Release|Any CPU
		{5128B2AD-E780-4B3A-B3AA-9BD89CA25E87}.Debug|Any CPU.ActiveCfg = Debug|Any CPU
		{5128B2AD-E780-4B3A-B3AA-9BD89CA25E87}.Debug|Any CPU.Build.0 = Debug|Any CPU
		{5128B2AD-E780-4B3A-B3AA-9BD89CA25E87}.Release|Any CPU.ActiveCfg = Release|Any CPU
		{5128B2AD-E780-4B3A-B3AA-9BD89CA25E87}.Release|Any CPU.Build.0 = Release|Any CPU
		{7ABF8D40-BDA8-4D69-8123-2C22874A57B6}.Debug|Any CPU.ActiveCfg = Debug|Any CPU
		{7ABF8D40-BDA8-4D69-8123-2C22874A57B6}.Debug|Any CPU.Build.0 = Debug|Any CPU
		{7ABF8D40-BDA8-4D69-8123-2C22874A57B6}.Release|Any CPU.ActiveCfg = Release|Any CPU
		{7ABF8D40-BDA8-4D69-8123-2C22874A57B6}.Release|Any CPU.Build.0 = Release|Any CPU
	EndGlobalSection
	GlobalSection(SolutionProperties) = preSolution
		HideSolutionNode = FALSE
	EndGlobalSection
	GlobalSection(ExtensibilityGlobals) = postSolution
		SolutionGuid = {BC6814AB-C47B-4C60-828E-627F32865A12}
	EndGlobalSection
EndGlobal
